{
  "version": 4,
  "terraform_version": "0.14.2",
  "serial": 2,
  "lineage": "7049893d-6dbb-7940-d2c9-f6be894ea87e",
  "outputs": {},
  "resources": [
    {
      "mode": "data",
      "type": "digitalocean_ssh_key",
      "name": "mujir",
      "provider": "provider[\"registry.terraform.io/digitalocean/digitalocean\"]",
      "instances": [
        {
          "schema_version": 0,
          "attributes": {
            "fingerprint": "b3:f7:49:da:75:13:d3:70:a8:c7:f3:2d:ed:f5:26:68",
            "id": "29167316",
            "name": "mujir",
            "public_key": "ssh-rsa AAAAB3NzaC1yc2EAAAADAQABAAABAQDWsI6zDGyTc/+jMPW2uyKMI2VbQkWFiscpxoNbL3Ngw9fUwJz2uI7KjRquANUCuCtsyChM3NACZzhztW4/M/9V5hsu5vUHlXv71Nsz+CL6wUaPouXOHiLn/GqR0A3ehDhjcMGpo/nys7VMgiDI11XPtXdy0SUzTFboKFgYXMre0QSUMlTb1dMwCx72YzAjx+J7V+EzRDUoWTIZYDHVhAxRJXaISwDq5o4w53ibPZnOU1kGKtYV7LyZn0ejqsW8i18k6RoCBaaP3mkxMaayGkmkllMBUzK9NK/Zm9XOKmXx1+bm/J9p06bVIrunJnyaOlF/v/UAuFzYKIglbaZjQh65 admin@DESKTOP-7H5J9NC"
          },
          "sensitive_attributes": []
        }
      ]
    },
    {
      "mode": "managed",
      "type": "digitalocean_droplet",
      "name": "hotelin-backend",
      "provider": "provider[\"registry.terraform.io/digitalocean/digitalocean\"]",
      "instances": [
        {
          "status": "tainted",
          "schema_version": 1,
          "attributes": {
            "backups": false,
            "created_at": "2020-12-16T11:51:54Z",
            "disk": 25,
            "id": "221771106",
            "image": "ubuntu-18-04-x64",
            "ipv4_address": "139.59.118.91",
            "ipv4_address_private": "10.104.0.3",
            "ipv6": false,
            "ipv6_address": "",
            "ipv6_address_private": null,
            "locked": false,
            "memory": 1024,
            "monitoring": false,
            "name": "hotelin-backend",
            "price_hourly": 0.00744,
            "price_monthly": 5,
            "private_networking": true,
            "region": "sgp1",
            "resize_disk": true,
            "size": "s-1vcpu-1gb",
            "ssh_keys": [
              "29167316"
            ],
            "status": "active",
            "tags": null,
            "urn": "do:droplet:221771106",
            "user_data": null,
            "vcpus": 1,
            "volume_ids": [],
            "vpc_uuid": "f733d88f-9bef-4096-a08c-ce25bb0e24ef"
          },
          "sensitive_attributes": [],
          "private": "eyJzY2hlbWFfdmVyc2lvbiI6IjEifQ==",
          "dependencies": [
            "data.digitalocean_ssh_key.mujir"
          ]
        }
      ]
    }
  ]
}
